// !$*UTF8*$!
{
	archiveVersion = 1;
	classes = {
	};
	objectVersion = 46;
	objects = {

/* Begin PBXBuildFile section */
		F5647CE11C1858FA0033DD4D /* AppDelegate.swift in Sources */ = {isa = PBXBuildFile; fileRef = F5647CE01C1858FA0033DD4D /* AppDelegate.swift */; };
		F5647CE31C1858FA0033DD4D /* ViewController.swift in Sources */ = {isa = PBXBuildFile; fileRef = F5647CE21C1858FA0033DD4D /* ViewController.swift */; };
		F5647CE61C1858FA0033DD4D /* Main.storyboard in Resources */ = {isa = PBXBuildFile; fileRef = F5647CE41C1858FA0033DD4D /* Main.storyboard */; };
		F5647CE81C1858FA0033DD4D /* Assets.xcassets in Resources */ = {isa = PBXBuildFile; fileRef = F5647CE71C1858FA0033DD4D /* Assets.xcassets */; };
		F5647CEB1C1858FA0033DD4D /* LaunchScreen.storyboard in Resources */ = {isa = PBXBuildFile; fileRef = F5647CE91C1858FA0033DD4D /* LaunchScreen.storyboard */; };
		F5647CF31C1859210033DD4D /* ContactsManager.swift in Sources */ = {isa = PBXBuildFile; fileRef = F5647CF21C1859210033DD4D /* ContactsManager.swift */; };
/* End PBXBuildFile section */

/* Begin PBXFileReference section */
		F5647CDD1C1858FA0033DD4D /* FetchPhoneContacts.app */ = {isa = PBXFileReference; explicitFileType = wrapper.application; includeInIndex = 0; path = FetchPhoneContacts.app; sourceTree = BUILT_PRODUCTS_DIR; };
		F5647CE01C1858FA0033DD4D /* AppDelegate.swift */ = {isa = PBXFileReference; lastKnownFileType = sourcecode.swift; path = AppDelegate.swift; sourceTree = "<group>"; };
		F5647CE21C1858FA0033DD4D /* ViewController.swift */ = {isa = PBXFileReference; lastKnownFileType = sourcecode.swift; path = ViewController.swift; sourceTree = "<group>"; };
		F5647CE51C1858FA0033DD4D /* Base */ = {isa = PBXFileReference; lastKnownFileType = file.storyboard; name = Base; path = Base.lproj/Main.storyboard; sourceTree = "<group>"; };
		F5647CE71C1858FA0033DD4D /* Assets.xcassets */ = {isa = PBXFileReference; lastKnownFileType = folder.assetcatalog; path = Assets.xcassets; sourceTree = "<group>"; };
		F5647CEA1C1858FA0033DD4D /* Base */ = {isa = PBXFileReference; lastKnownFileType = file.storyboard; name = Base; path = Base.lproj/LaunchScreen.storyboard; sourceTree = "<group>"; };
		F5647CEC1C1858FA0033DD4D /* Info.plist */ = {isa = PBXFileReference; lastKnownFileType = text.plist.xml; path = Info.plist; sourceTree = "<group>"; };
		F5647CF21C1859210033DD4D /* ContactsManager.swift */ = {isa = PBXFileReference; fileEncoding = 4; lastKnownFileType = sourcecode.swift; name = ContactsManager.swift; path = ../ContactsManager.swift; sourceTree = "<group>"; };
/* End PBXFileReference section */

/* Begin PBXFrameworksBuildPhase section */
		F5647CDA1C1858FA0033DD4D /* Frameworks */ = {
			isa = PBXFrameworksBuildPhase;
			buildActionMask = 2147483647;
			files = (
			);
			runOnlyForDeploymentPostprocessing = 0;
		};
/* End PBXFrameworksBuildPhase section */

/* Begin PBXGroup section */
		F5647CD41C1858FA0033DD4D = {
			isa = PBXGroup;
			children = (
				F5647CDF1C1858FA0033DD4D /* FetchPhoneContacts */,
				F5647CDE1C1858FA0033DD4D /* Products */,
			);
			sourceTree = "<group>";
		};
		F5647CDE1C1858FA0033DD4D /* Products */ = {
			isa = PBXGroup;
			children = (
				F5647CDD1C1858FA0033DD4D /* FetchPhoneContacts.app */,
			);
			name = Products;
			sourceTree = "<group>";
		};
		F5647CDF1C1858FA0033DD4D /* FetchPhoneContacts */ = {
			isa = PBXGroup;
			children = (
				F5647CE01C1858FA0033DD4D /* AppDelegate.swift */,
				F5647CE21C1858FA0033DD4D /* ViewController.swift */,
				F5647CF21C1859210033DD4D /* ContactsManager.swift */,
				F5647CE41C1858FA0033DD4D /* Main.storyboard */,
				F5647CE71C1858FA0033DD4D /* Assets.xcassets */,
				F5647CE91C1858FA0033DD4D /* LaunchScreen.storyboard */,
				F5647CEC1C1858FA0033DD4D /* Info.plist */,
			);
			path = FetchPhoneContacts;
			sourceTree = "<group>";
		};
/* End PBXGroup section */

/* Begin PBXNativeTarget section */
		F5647CDC1C1858FA0033DD4D /* FetchPhoneContacts */ = {
			isa = PBXNativeTarget;
			buildConfigurationList = F5647CEF1C1858FA0033DD4D /* Build configuration list for PBXNativeTarget "FetchPhoneContacts" */;
			buildPhases = (
				F5647CD91C1858FA0033DD4D /* Sources */,
				F5647CDA1C1858FA0033DD4D /* Frameworks */,
				F5647CDB1C1858FA0033DD4D /* Resources */,
			);
			buildRules = (
			);
			dependencies = (
			);
			name = FetchPhoneContacts;
			productName = FetchPhoneContacts;
			productReference = F5647CDD1C1858FA0033DD4D /* FetchPhoneContacts.app */;
			productType = "com.apple.product-type.application";
		};
/* End PBXNativeTarget section */

/* Begin PBXProject section */
		F5647CD51C1858FA0033DD4D /* Project object */ = {
			isa = PBXProject;
			attributes = {
				LastSwiftUpdateCheck = 0710;
				LastUpgradeCheck = 0710;
				ORGANIZATIONNAME = NFerocious;
				TargetAttributes = {
					F5647CDC1C1858FA0033DD4D = {
						CreatedOnToolsVersion = 7.1.1;
						DevelopmentTeam = RKF34AM7UT;
					};
				};
			};
			buildConfigurationList = F5647CD81C1858FA0033DD4D /* Build configuration list for PBXProject "FetchPhoneContacts" */;
			compatibilityVersion = "Xcode 3.2";
			developmentRegion = English;
			hasScannedForEncodings = 0;
			knownRegions = (
				en,
				Base,
			);
			mainGroup = F5647CD41C1858FA0033DD4D;
			productRefGroup = F5647CDE1C1858FA0033DD4D /* Products */;
			projectDirPath = "";
			projectRoot = "";
			targets = (
				F5647CDC1C1858FA0033DD4D /* FetchPhoneContacts */,
			);
		};
/* End PBXProject section */

/* Begin PBXResourcesBuildPhase section */
		F5647CDB1C1858FA0033DD4D /* Resources */ = {
			isa = PBXResourcesBuildPhase;
			buildActionMask = 2147483647;
			files = (
				F5647CEB1C1858FA0033DD4D /* LaunchScreen.storyboard in Resources */,
				F5647CE81C1858FA0033DD4D /* Assets.xcassets in Resources */,
				F5647CE61C1858FA0033DD4D /* Main.storyboard in Resources */,
			);
			runOnlyForDeploymentPostprocessing = 0;
		};
/* End PBXResourcesBuildPhase section */

/* Begin PBXSourcesBuildPhase section */
		F5647CD91C1858FA0033DD4D /* Sources */ = {
			isa = PBXSourcesBuildPhase;
			buildActionMask = 2147483647;
			files = (
				F5647CE31C1858FA0033DD4D /* ViewController.swift in Sources */,
				F5647CF31C1859210033DD4D /* ContactsManager.swift in Sources */,
				F5647CE11C1858FA0033DD4D /* AppDelegate.swift in Sources */,
			);
			runOnlyForDeploymentPostprocessing = 0;
		};
/* End PBXSourcesBuildPhase section */

/* Begin PBXVariantGroup section */
		F5647CE41C1858FA0033DD4D /* Main.storyboard */ = {
			isa = PBXVariantGroup;
			children = (
				F5647CE51C1858FA0033DD4D /* Base */,
			);
			name = Main.storyboard;
			sourceTree = "<group>";
		};
		F5647CE91C1858FA0033DD4D /* LaunchScreen.storyboard */ = {
			isa = PBXVariantGroup;
			children = (
				F5647CEA1C1858FA0033DD4D /* Base */,
			);
			name = LaunchScreen.storyboard;
			sourceTree = "<group>";
		};
/* End PBXVariantGroup section */

/* Begin XCBuildConfiguration section */
		F5647CED1C1858FA0033DD4D /* Debug */ = {
			isa = XCBuildConfiguration;
			buildSettings = {
				ALWAYS_SEARCH_USER_PATHS = NO;
				CLANG_CXX_LANGUAGE_STANDARD = "gnu++0x";
				CLANG_CXX_LIBRARY = "libc++";
				CLANG_ENABLE_MODULES = YES;
				CLANG_ENABLE_OBJC_ARC = YES;
				CLANG_WARN_BOOL_CONVERSION = YES;
				CLANG_WARN_CONSTANT_CONVERSION = YES;
				CLANG_WARN_DIRECT_OBJC_ISA_USAGE = YES_ERROR;
				CLANG_WARN_EMPTY_BODY = YES;
				CLANG_WARN_ENUM_CONVERSION = YES;
				CLANG_WARN_INT_CONVERSION = YES;
				CLANG_WARN_OBJC_ROOT_CLASS = YES_ERROR;
				CLANG_WARN_UNREACHABLE_CODE = YES;
				CLANG_WARN__DUPLICATE_METHOD_MATCH = YES;
				"CODE_SIGN_IDENTITY[sdk=iphoneos*]" = "iPhone Developer";
				COPY_PHASE_STRIP = NO;
				DEBUG_INFORMATION_FORMAT = dwarf;
				ENABLE_STRICT_OBJC_MSGSEND = YES;
				ENABLE_TESTABILITY = YES;
				GCC_C_LANGUAGE_STANDARD = gnu99;
				GCC_DYNAMIC_NO_PIC = NO;
				GCC_NO_COMMON_BLOCKS = YES;
				GCC_OPTIMIZATION_LEVEL = 0;
				GCC_PREPROCESSOR_DEFINITIONS = (
					"DEBUG=1",
					"$(inherited)",
				);
				GCC_WARN_64_TO_32_BIT_CONVERSION = YES;
				GCC_WARN_ABOUT_RETURN_TYPE = YES_ERROR;
				GCC_WARN_UNDECLARED_SELECTOR = YES;
				GCC_WARN_UNINITIALIZED_AUTOS = YES_AGGRESSIVE;
				GCC_WARN_UNUSED_FUNCTION = YES;
				GCC_WARN_UNUSED_VARIABLE = YES;
				IPHONEOS_DEPLOYMENT_TARGET = 9.1;
				MTL_ENABLE_DEBUG_INFO = YES;
				ONLY_ACTIVE_ARCH = YES;
				SDKROOT = iphoneos;
				SWIFT_OPTIMIZATION_LEVEL = "-Onone";
				TARGETED_DEVICE_FAMILY = "1,2";
			};
			name = Debug;
		};
		F5647CEE1C1858FA0033DD4D /* Release */ = {
			isa = XCBuildConfiguration;
			buildSettings = {
				ALWAYS_SEARCH_USER_PATHS = NO;
				CLANG_CXX_LANGUAGE_STANDARD = "gnu++0x";
				CLANG_CXX_LIBRARY = "libc++";
				CLANG_ENABLE_MODULES = YES;
				CLANG_ENABLE_OBJC_ARC = YES;
				CLANG_WARN_BOOL_CONVERSION = YES;
				CLANG_WARN_CONSTANT_CONVERSION = YES;
				CLANG_WARN_DIRECT_OBJC_ISA_USAGE = YES_ERROR;
				CLANG_WARN_EMPTY_BODY = YES;
				CLANG_WARN_ENUM_CONVERSION = YES;
				CLANG_WARN_INT_CONVERSION = YES;
				CLANG_WARN_OBJC_ROOT_CLASS = YES_ERROR;
				CLANG_WARN_UNREACHABLE_CODE = YES;
				CLANG_WARN__DUPLICATE_METHOD_MATCH = YES;
				"CODE_SIGN_IDENTITY[sdk=iphoneos*]" = "iPhone Developer";
				COPY_PHASE_STRIP = NO;
				DEBUG_INFORMATION_FORMAT = "dwarf-with-dsym";
				ENABLE_NS_ASSERTIONS = NO;
				ENABLE_STRICT_OBJC_MSGSEND = YES;
				GCC_C_LANGUAGE_STANDARD = gnu99;
				GCC_NO_COMMON_BLOCKS = YES;
				GCC_WARN_64_TO_32_BIT_CONVERSION = YES;
				GCC_WARN_ABOUT_RETURN_TYPE = YES_ERROR;
				GCC_WARN_UNDECLARED_SELECTOR = YES;
				GCC_WARN_UNINITIALIZED_AUTOS = YES_AGGRESSIVE;
				GCC_WARN_UNUSED_FUNCTION = YES;
				GCC_WARN_UNUSED_VARIABLE = YES;
				IPHONEOS_DEPLOYMENT_TARGET = 9.1;
				MTL_ENABLE_DEBUG_INFO = NO;
				SDKROOT = iphoneos;
				TARGETED_DEVICE_FAMILY = "1,2";
				VALIDATE_PRODUCT = YES;
			};
			name = Release;
		};
		F5647CF01C1858FA0033DD4D /* Debug */ = {
			isa = XCBuildConfiguration;
			buildSettings = {
				ASSETCATALOG_COMPILER_APPICON_NAME = AppIcon;
				INFOPLIST_FILE = FetchPhoneContacts/Info.plist;
				LD_RUNPATH_SEARCH_PATHS = "$(inherited) @executable_path/Frameworks";
				PRODUCT_BUNDLE_IDENTIFIER = NFerocious.FetchPhoneContacts;
				PRODUCT_NAME = "$(TARGET_NAME)";
			};
			name = Debug;
		};
		F5647CF11C1858FA0033DD4D /* Release */ = {
			isa = XCBuildConfiguration;
			buildSettings = {
				ASSETCATALOG_COMPILER_APPICON_NAME = AppIcon;
				INFOPLIST_FILE = FetchPhoneContacts/Info.plist;
				LD_RUNPATH_SEARCH_PATHS = "$(inherited) @executable_path/Frameworks";
				PRODUCT_BUNDLE_IDENTIFIER = NFerocious.FetchPhoneContacts;
				PRODUCT_NAME = "$(TARGET_NAME)";
			};
			name = Release;
		};
/* End XCBuildConfiguration section */

/* Begin XCConfigurationList section */
		F5647CD81C1858FA0033DD4D /* Build configuration list for PBXProject "FetchPhoneContacts" */ = {
			isa = XCConfigurationList;
			buildConfigurations = (
				F5647CED1C1858FA0033DD4D /* Debug */,
				F5647CEE1C1858FA0033DD4D /* Release */,
			);
			defaultConfigurationIsVisible = 0;
			defaultConfigurationName = Release;
		};
		F5647CEF1C1858FA0033DD4D /* Build configuration list for PBXNativeTarget "FetchPhoneContacts" */ = {
			isa = XCConfigurationList;
			buildConfigurations = (
				F5647CF01C1858FA0033DD4D /* Debug */,
				F5647CF11C1858FA0033DD4D /* Release */,
			);
			defaultConfigurationIsVisible = 0;
		};
/* End XCConfigurationList section */
	};
	rootObject = F5647CD51C1858FA0033DD4D /* Project object */;
}
